
Microsoft Visual Studio Solution File, Format Version 12.00
# Visual Studio Version 16
VisualStudioVersion = 16.0.31005.135
MinimumVisualStudioVersion = 10.0.40219.1
Project("{FAE04EC0-301F-11D3-BF4B-00C04F79EFBC}") = "Pharmacy2uTechTest", "Pharmacy2uTechTest.csproj", "{DF718DD2-16C5-4C6E-A2D2-F39CF9DB9C32}"
EndProject
Global
	GlobalSection(SolutionConfigurationPlatforms) = preSolution
		Debug|Any CPU = Debug|Any CPU
		Release|Any CPU = Release|Any CPU
	EndGlobalSection
	GlobalSection(ProjectConfigurationPlatforms) = postSolution
		{DF718DD2-16C5-4C6E-A2D2-F39CF9DB9C32}.Debug|Any CPU.ActiveCfg = Debug|Any CPU
		{DF718DD2-16C5-4C6E-A2D2-F39CF9DB9C32}.Debug|Any CPU.Build.0 = Debug|Any CPU
		{DF718DD2-16C5-4C6E-A2D2-F39CF9DB9C32}.Release|Any CPU.ActiveCfg = Release|Any CPU
		{DF718DD2-16C5-4C6E-A2D2-F39CF9DB9C32}.Release|Any CPU.Build.0 = Release|Any CPU
	EndGlobalSection
	GlobalSection(SolutionProperties) = preSolution
		HideSolutionNode = FALSE
	EndGlobalSection
	GlobalSection(ExtensibilityGlobals) = postSolution
		SolutionGuid = {12062956-EAE6-4FF6-B1E3-3AEBF15EA944}
	EndGlobalSection
EndGlobal
